
Microsoft Visual Studio Solution File, Format Version 12.00
# Visual Studio Version 16
VisualStudioVersion = 16.0.30114.128
MinimumVisualStudioVersion = 10.0.40219.1
Project("{FAE04EC0-301F-11D3-BF4B-00C04F79EFBC}") = "EdgeWebView2Test", "EdgeWebView2Test\EdgeWebView2Test.csproj", "{711EDF83-E51E-4468-8BFC-8EEC0A1253FA}"
EndProject
Global
	GlobalSection(SolutionConfigurationPlatforms) = preSolution
		Debug|Any CPU = Debug|Any CPU
		Release|Any CPU = Release|Any CPU
	EndGlobalSection
	GlobalSection(ProjectConfigurationPlatforms) = postSolution
		{711EDF83-E51E-4468-8BFC-8EEC0A1253FA}.Debug|Any CPU.ActiveCfg = Debug|Any CPU
		{711EDF83-E51E-4468-8BFC-8EEC0A1253FA}.Debug|Any CPU.Build.0 = Debug|Any CPU
		{711EDF83-E51E-4468-8BFC-8EEC0A1253FA}.Release|Any CPU.ActiveCfg = Release|Any CPU
		{711EDF83-E51E-4468-8BFC-8EEC0A1253FA}.Release|Any CPU.Build.0 = Release|Any CPU
	EndGlobalSection
	GlobalSection(SolutionProperties) = preSolution
		HideSolutionNode = FALSE
	EndGlobalSection
	GlobalSection(ExtensibilityGlobals) = postSolution
		SolutionGuid = {84726566-22DB-4B51-837C-C701C54BC47A}
	EndGlobalSection
EndGlobal
